
Microsoft Visual Studio Solution File, Format Version 12.00
# Visual Studio Version 16
VisualStudioVersion = 16.0.31515.178
MinimumVisualStudioVersion = 10.0.40219.1
Project("{FAE04EC0-301F-11D3-BF4B-00C04F79EFBC}") = "Newson", "Newson\Newson.csproj", "{26510778-4A38-48DF-9E90-0C20AF0F46DA}"
EndProject
Global
	GlobalSection(SolutionConfigurationPlatforms) = preSolution
		Debug|Any CPU = Debug|Any CPU
		Release|Any CPU = Release|Any CPU
	EndGlobalSection
	GlobalSection(ProjectConfigurationPlatforms) = postSolution
		{26510778-4A38-48DF-9E90-0C20AF0F46DA}.Debug|Any CPU.ActiveCfg = Debug|Any CPU
		{26510778-4A38-48DF-9E90-0C20AF0F46DA}.Debug|Any CPU.Build.0 = Debug|Any CPU
		{26510778-4A38-48DF-9E90-0C20AF0F46DA}.Release|Any CPU.ActiveCfg = Release|Any CPU
		{26510778-4A38-48DF-9E90-0C20AF0F46DA}.Release|Any CPU.Build.0 = Release|Any CPU
	EndGlobalSection
	GlobalSection(SolutionProperties) = preSolution
		HideSolutionNode = FALSE
	EndGlobalSection
	GlobalSection(ExtensibilityGlobals) = postSolution
		SolutionGuid = {54393634-546D-4F7C-A6CD-1B750FF780CF}
	EndGlobalSection
EndGlobal
